
Microsoft Visual Studio Solution File, Format Version 12.00
# Visual Studio Version 17
VisualStudioVersion = 17.1.32228.430
MinimumVisualStudioVersion = 10.0.40219.1
Project("{2150E333-8FDC-42A3-9474-1A3956D46DE8}") = "Internal", "Internal", "{739B5C83-523B-4ECA-9597-E3E4F098A462}"
EndProject
Project("{2150E333-8FDC-42A3-9474-1A3956D46DE8}") = "Scripts", "Scripts", "{47698E4B-B6D1-430F-BE2D-BFB6682E015C}"
EndProject
Project("{2150E333-8FDC-42A3-9474-1A3956D46DE8}") = "Dlls", "Dlls", "{F5170A2F-F6C3-407D-927A-B6CCF7A03677}"
	ProjectSection(SolutionItems) = preProject
		Dlls\readme.txt = Dlls\readme.txt
	EndProjectSection
EndProject
Project("{2150E333-8FDC-42A3-9474-1A3956D46DE8}") = "Documentation", "Documentation", "{822AB0F6-E8A6-48A2-8259-1A706A64C378}"
	ProjectSection(SolutionItems) = preProject
		Documentation\readme.txt = Documentation\readme.txt
	EndProjectSection
EndProject
Project("{2150E333-8FDC-42A3-9474-1A3956D46DE8}") = "Code Analysis", "Code Analysis", "{1954015F-1B20-4D56-99FB-D3EDC30CFFDC}"
	ProjectSection(SolutionItems) = preProject
		Internal\Code Analysis\qaction-debug.ruleset = Internal\Code Analysis\qaction-debug.ruleset
		Internal\Code Analysis\qaction-release.ruleset = Internal\Code Analysis\qaction-release.ruleset
	EndProjectSection
EndProject
Project("{2150E333-8FDC-42A3-9474-1A3956D46DE8}") = "Clearable Alarms", "Clearable Alarms", "{92BA8B5A-664F-40A0-878F-B12B8AD55AA6}"
	ProjectSection(SolutionItems) = preProject
		Clearable Alarms.xml = Clearable Alarms.xml
	EndProjectSection
EndProject
Project("{2150E333-8FDC-42A3-9474-1A3956D46DE8}") = "Actions", "Actions", "{EF859381-A300-4BEA-ABFD-6D85B0E4D127}"
EndProject
Project("{FAE04EC0-301F-11D3-BF4B-00C04F79EFBC}") = "Clearable Alarms_1", "Clearable Alarms_1\Clearable Alarms_1.csproj", "{7DA2950D-07FC-4EC0-B28C-DB923E959BD6}"
EndProject
Global
	GlobalSection(SolutionConfigurationPlatforms) = preSolution
		Debug|Any CPU = Debug|Any CPU
		Release|Any CPU = Release|Any CPU
	EndGlobalSection
	GlobalSection(ProjectConfigurationPlatforms) = postSolution
		{7DA2950D-07FC-4EC0-B28C-DB923E959BD6}.Debug|Any CPU.ActiveCfg = Debug|Any CPU
		{7DA2950D-07FC-4EC0-B28C-DB923E959BD6}.Debug|Any CPU.Build.0 = Debug|Any CPU
		{7DA2950D-07FC-4EC0-B28C-DB923E959BD6}.Release|Any CPU.ActiveCfg = Release|Any CPU
		{7DA2950D-07FC-4EC0-B28C-DB923E959BD6}.Release|Any CPU.Build.0 = Release|Any CPU
	EndGlobalSection
	GlobalSection(SolutionProperties) = preSolution
		HideSolutionNode = FALSE
	EndGlobalSection
	GlobalSection(NestedProjects) = preSolution
		{1954015F-1B20-4D56-99FB-D3EDC30CFFDC} = {739B5C83-523B-4ECA-9597-E3E4F098A462}
		{92BA8B5A-664F-40A0-878F-B12B8AD55AA6} = {47698E4B-B6D1-430F-BE2D-BFB6682E015C}
		{EF859381-A300-4BEA-ABFD-6D85B0E4D127} = {92BA8B5A-664F-40A0-878F-B12B8AD55AA6}
		{7DA2950D-07FC-4EC0-B28C-DB923E959BD6} = {EF859381-A300-4BEA-ABFD-6D85B0E4D127}
	EndGlobalSection
	GlobalSection(ExtensibilityGlobals) = postSolution
		SolutionGuid = {A5E5EDB7-9464-494C-A172-C14D4A0AA829}
	EndGlobalSection
EndGlobal
